github.com/agilira/argus v1.0.1 h1:HYpGva5uveWHm8SALz9OMprUBPcfta5DrwOaNfYl0HA=
github.com/agilira/argus v1.0.1/go.mod h1:s7E0lyXNJjFQXoqhfnGGcSQB/o3/9cQ9NioPDLxuwS4=
github.com/agilira/flash-flags v1.0.1 h1:998q2+JFFoRDPrkznCjTLDLEB2D5ta6Ma2fFFf8FO6o=
github.com/agilira/flash-flags v1.0.1/go.mod h1:vuuo9FRN+ZgREaa1WYRmUFac/h3+CwuvD4EvjF5JNIQ=
github.com/agilira/go-errors v1.1.0 h1:97cBNEDo6q2pKzkr/YqlqWq3fa5rOU8E4LOnSsCmWck=
github.com/agilira/go-errors v1.1.0/go.mod h1:YEeM2sVXg2w/GmDVZ2m2nH2kJ2Aa34OvbTA6w3JzVbY=
github.com/agilira/go-timecache v1.0.1 h1:/i2XfvPXWiG20V7hV7cuq1rlFvhhw5qQCb/BpfDvHVU=
github.com/agilira/go-timecache v1.0.1/go.mod h1:FRm8ATec0fQeD+058ndGi3xyI9kIbJEwlv9SwbpEU9g=
github.com/agilira/iris v1.1.0 h1:qapzia9k7s4LuMO2GZu/52YZXaAI3DgqZHAX72fXYA4=
github.com/agilira/iris v1.1.0/go.mod h1:2NQkowYX7HHkedaSFrCMq1H2H3J72PNRGTPyli2Jvh4=
